
Microsoft Visual Studio Solution File, Format Version 12.00
# Visual Studio 15
VisualStudioVersion = 15.0.27703.2042
MinimumVisualStudioVersion = 10.0.40219.1
Project("{FAE04EC0-301F-11D3-BF4B-00C04F79EFBC}") = "InventoryManagement", "InventoryManagement\InventoryManagement.csproj", "{9F55E3A3-192A-4E4C-9826-44DD90B7F590}"
EndProject
Project("{FAE04EC0-301F-11D3-BF4B-00C04F79EFBC}") = "InventoryManagement.Tests", "InventoryManagement.Tests\InventoryManagement.Tests.csproj", "{BEBE14F2-2248-497A-9FD1-B8B7054852B2}"
EndProject
Project("{FAE04EC0-301F-11D3-BF4B-00C04F79EFBC}") = "InventoryManagement.EF", "InventoryManagement.EF\InventoryManagement.EF.csproj", "{4ADEC0CA-F919-47B8-B653-984D3AA848A1}"
EndProject
Global
	GlobalSection(SolutionConfigurationPlatforms) = preSolution
		Debug|Any CPU = Debug|Any CPU
		Release|Any CPU = Release|Any CPU
	EndGlobalSection
	GlobalSection(ProjectConfigurationPlatforms) = postSolution
		{9F55E3A3-192A-4E4C-9826-44DD90B7F590}.Debug|Any CPU.ActiveCfg = Debug|Any CPU
		{9F55E3A3-192A-4E4C-9826-44DD90B7F590}.Debug|Any CPU.Build.0 = Debug|Any CPU
		{9F55E3A3-192A-4E4C-9826-44DD90B7F590}.Release|Any CPU.ActiveCfg = Release|Any CPU
		{9F55E3A3-192A-4E4C-9826-44DD90B7F590}.Release|Any CPU.Build.0 = Release|Any CPU
		{BEBE14F2-2248-497A-9FD1-B8B7054852B2}.Debug|Any CPU.ActiveCfg = Debug|Any CPU
		{BEBE14F2-2248-497A-9FD1-B8B7054852B2}.Debug|Any CPU.Build.0 = Debug|Any CPU
		{BEBE14F2-2248-497A-9FD1-B8B7054852B2}.Release|Any CPU.ActiveCfg = Release|Any CPU
		{BEBE14F2-2248-497A-9FD1-B8B7054852B2}.Release|Any CPU.Build.0 = Release|Any CPU
		{4ADEC0CA-F919-47B8-B653-984D3AA848A1}.Debug|Any CPU.ActiveCfg = Debug|Any CPU
		{4ADEC0CA-F919-47B8-B653-984D3AA848A1}.Debug|Any CPU.Build.0 = Debug|Any CPU
		{4ADEC0CA-F919-47B8-B653-984D3AA848A1}.Release|Any CPU.ActiveCfg = Release|Any CPU
		{4ADEC0CA-F919-47B8-B653-984D3AA848A1}.Release|Any CPU.Build.0 = Release|Any CPU
	EndGlobalSection
	GlobalSection(SolutionProperties) = preSolution
		HideSolutionNode = FALSE
	EndGlobalSection
	GlobalSection(ExtensibilityGlobals) = postSolution
		SolutionGuid = {1C0D4300-6CA8-448F-9138-3F856234FDC7}
	EndGlobalSection
EndGlobal
